
Microsoft Visual Studio Solution File, Format Version 12.00
# Visual Studio Version 17
VisualStudioVersion = 17.1.32421.90
MinimumVisualStudioVersion = 10.0.40219.1
Project("{2150E333-8FDC-42A3-9474-1A3956D46DE8}") = "1 - Ports", "1 - Ports", "{26CCFDE0-E1E7-4551-8E88-510886BEE7F9}"
EndProject
Project("{2150E333-8FDC-42A3-9474-1A3956D46DE8}") = "2 - Gateways", "2 - Gateways", "{0F2F853E-1FDC-484F-82D7-E82C724D2F09}"
EndProject
Project("{2150E333-8FDC-42A3-9474-1A3956D46DE8}") = "3 - Microservices", "3 - Microservices", "{44005E80-72FC-4946-8837-B0EB5972D99D}"
EndProject
Project("{2150E333-8FDC-42A3-9474-1A3956D46DE8}") = "4 - Adapters", "4 - Adapters", "{4110D3B7-0F3A-47E6-B891-71A24A9F7288}"
EndProject
Project("{2150E333-8FDC-42A3-9474-1A3956D46DE8}") = "1 - Customers", "1 - Customers", "{A4947282-DA78-4AF7-8AE2-F6B99D072EB3}"
EndProject
Project("{2150E333-8FDC-42A3-9474-1A3956D46DE8}") = "1 - Services", "1 - Services", "{3F2B9BDC-337B-44B2-AC57-72983D63BDC8}"
EndProject
Project("{2150E333-8FDC-42A3-9474-1A3956D46DE8}") = "2 - Application", "2 - Application", "{9EFD3EAB-DA0B-4FDF-A6E1-62FEE836EA72}"
EndProject
Project("{2150E333-8FDC-42A3-9474-1A3956D46DE8}") = "3 - Domain", "3 - Domain", "{E53BAFE4-3464-4EE4-A200-9CF08E8358C4}"
EndProject
Project("{2150E333-8FDC-42A3-9474-1A3956D46DE8}") = "4 - Infra", "4 - Infra", "{292F39BA-B36D-4989-8F1A-A749537C9FA5}"
EndProject
Project("{2150E333-8FDC-42A3-9474-1A3956D46DE8}") = "4.1 - Infra.Data", "4.1 - Infra.Data", "{A1E1691B-C8C8-4F9B-917A-D894FE5FECD4}"
EndProject
Project("{2150E333-8FDC-42A3-9474-1A3956D46DE8}") = "4.2 - Infra.CrossCutting", "4.2 - Infra.CrossCutting", "{9F3F08B7-FCE7-4EAF-B6E5-B220FD8D9968}"
EndProject
Project("{9A19103F-16F7-4668-BE54-9A1E7A4F7556}") = "MCB.Demos.ShopDemo.Microservices.Customer.Domain", "src\MCB.Demos.ShopDemo.Microservices.Customer.Domain\MCB.Demos.ShopDemo.Microservices.Customer.Domain.csproj", "{15D6EEA8-FF7A-45FD-9DF8-E9246B9808C2}"
EndProject
Project("{9A19103F-16F7-4668-BE54-9A1E7A4F7556}") = "MCB.Demos.ShopDemo.Microservices.Customer.Infra.CrossCutting", "src\MCB.Demos.ShopDemo.Microservices.Customer.Infra.CrossCutting\MCB.Demos.ShopDemo.Microservices.Customer.Infra.CrossCutting.csproj", "{65409028-041D-43BD-BD55-449E7CCFE98C}"
EndProject
Project("{9A19103F-16F7-4668-BE54-9A1E7A4F7556}") = "MCB.Demos.ShopDemo.Microservices.Customer.Infra.Data", "src\MCB.Demos.ShopDemo.Microservices.Customer.Infra.Data\MCB.Demos.ShopDemo.Microservices.Customer.Infra.Data.csproj", "{C82E4A7B-7632-4596-BE86-88DF6E1D5797}"
EndProject
Project("{9A19103F-16F7-4668-BE54-9A1E7A4F7556}") = "MCB.Demos.ShopDemo.Microservices.Customer.Domain.Entities", "src\MCB.Demos.ShopDemo.Microservices.Customer.Domain.Entities\MCB.Demos.ShopDemo.Microservices.Customer.Domain.Entities.csproj", "{EB62FFFB-14A7-4024-9FDC-6A640AEAC3C9}"
EndProject
Project("{9A19103F-16F7-4668-BE54-9A1E7A4F7556}") = "MCB.Demos.ShopDemo.Microservices.Customer.Application", "src\MCB.Demos.ShopDemo.Microservices.Customer.Application\MCB.Demos.ShopDemo.Microservices.Customer.Application.csproj", "{FE62F91D-636B-4509-B222-0D05B5DF4988}"
EndProject
Project("{9A19103F-16F7-4668-BE54-9A1E7A4F7556}") = "MCB.Demos.ShopDemo.Microservices.Customer.Services.Grpc", "src\MCB.Demos.ShopDemo.Microservices.Customer.Services.Grpc\MCB.Demos.ShopDemo.Microservices.Customer.Services.Grpc.csproj", "{43C21744-61E9-4A05-A8F8-FED09EAB30CE}"
EndProject
Project("{FAE04EC0-301F-11D3-BF4B-00C04F79EFBC}") = "MCB.Demos.ShopDemo.Microservices.Customer.Services.Grpc.IoC", "src\MCB.Demos.ShopDemo.Microservices.Customer.Services.Grpc.IoC\MCB.Demos.ShopDemo.Microservices.Customer.Services.Grpc.IoC.csproj", "{2CC245D4-0C20-41AA-820B-D2EC86AF4108}"
EndProject
Project("{2150E333-8FDC-42A3-9474-1A3956D46DE8}") = "src", "src", "{CAD3B53E-101F-4CA4-999A-437C2A19CFF6}"
EndProject
Project("{2150E333-8FDC-42A3-9474-1A3956D46DE8}") = "tst", "tst", "{AE643A8E-D9DA-4822-93DF-38D337EED588}"
EndProject
Project("{2150E333-8FDC-42A3-9474-1A3956D46DE8}") = "3 - Microservices", "3 - Microservices", "{9B7E40AB-5559-410F-8107-BE1222F5ADFF}"
EndProject
Project("{2150E333-8FDC-42A3-9474-1A3956D46DE8}") = "1 - Customers", "1 - Customers", "{5AF3B052-EF1C-4605-9AB9-1C1CD4E05C28}"
EndProject
Project("{2150E333-8FDC-42A3-9474-1A3956D46DE8}") = "3 - Domain", "3 - Domain", "{FBBEF82B-2169-4A07-85B3-A15AE557B61C}"
EndProject
Project("{FAE04EC0-301F-11D3-BF4B-00C04F79EFBC}") = "MCB.Demos.ShopDemo.Microservices.Customer.Domain.Test", "tst\MCB.Demos.ShopDemo.Microservices.Customer.Domain.Test\MCB.Demos.ShopDemo.Microservices.Customer.Domain.Test.csproj", "{8E873D16-A7A0-4BAA-A550-432C1D303A1E}"
EndProject
Global
	GlobalSection(SolutionConfigurationPlatforms) = preSolution
		Debug|Any CPU = Debug|Any CPU
		Release|Any CPU = Release|Any CPU
	EndGlobalSection
	GlobalSection(ProjectConfigurationPlatforms) = postSolution
		{15D6EEA8-FF7A-45FD-9DF8-E9246B9808C2}.Debug|Any CPU.ActiveCfg = Debug|Any CPU
		{15D6EEA8-FF7A-45FD-9DF8-E9246B9808C2}.Debug|Any CPU.Build.0 = Debug|Any CPU
		{15D6EEA8-FF7A-45FD-9DF8-E9246B9808C2}.Release|Any CPU.ActiveCfg = Release|Any CPU
		{15D6EEA8-FF7A-45FD-9DF8-E9246B9808C2}.Release|Any CPU.Build.0 = Release|Any CPU
		{65409028-041D-43BD-BD55-449E7CCFE98C}.Debug|Any CPU.ActiveCfg = Debug|Any CPU
		{65409028-041D-43BD-BD55-449E7CCFE98C}.Debug|Any CPU.Build.0 = Debug|Any CPU
		{65409028-041D-43BD-BD55-449E7CCFE98C}.Release|Any CPU.ActiveCfg = Release|Any CPU
		{65409028-041D-43BD-BD55-449E7CCFE98C}.Release|Any CPU.Build.0 = Release|Any CPU
		{C82E4A7B-7632-4596-BE86-88DF6E1D5797}.Debug|Any CPU.ActiveCfg = Debug|Any CPU
		{C82E4A7B-7632-4596-BE86-88DF6E1D5797}.Debug|Any CPU.Build.0 = Debug|Any CPU
		{C82E4A7B-7632-4596-BE86-88DF6E1D5797}.Release|Any CPU.ActiveCfg = Release|Any CPU
		{C82E4A7B-7632-4596-BE86-88DF6E1D5797}.Release|Any CPU.Build.0 = Release|Any CPU
		{EB62FFFB-14A7-4024-9FDC-6A640AEAC3C9}.Debug|Any CPU.ActiveCfg = Debug|Any CPU
		{EB62FFFB-14A7-4024-9FDC-6A640AEAC3C9}.Debug|Any CPU.Build.0 = Debug|Any CPU
		{EB62FFFB-14A7-4024-9FDC-6A640AEAC3C9}.Release|Any CPU.ActiveCfg = Release|Any CPU
		{EB62FFFB-14A7-4024-9FDC-6A640AEAC3C9}.Release|Any CPU.Build.0 = Release|Any CPU
		{FE62F91D-636B-4509-B222-0D05B5DF4988}.Debug|Any CPU.ActiveCfg = Debug|Any CPU
		{FE62F91D-636B-4509-B222-0D05B5DF4988}.Debug|Any CPU.Build.0 = Debug|Any CPU
		{FE62F91D-636B-4509-B222-0D05B5DF4988}.Release|Any CPU.ActiveCfg = Release|Any CPU
		{FE62F91D-636B-4509-B222-0D05B5DF4988}.Release|Any CPU.Build.0 = Release|Any CPU
		{43C21744-61E9-4A05-A8F8-FED09EAB30CE}.Debug|Any CPU.ActiveCfg = Debug|Any CPU
		{43C21744-61E9-4A05-A8F8-FED09EAB30CE}.Debug|Any CPU.Build.0 = Debug|Any CPU
		{43C21744-61E9-4A05-A8F8-FED09EAB30CE}.Release|Any CPU.ActiveCfg = Release|Any CPU
		{43C21744-61E9-4A05-A8F8-FED09EAB30CE}.Release|Any CPU.Build.0 = Release|Any CPU
		{2CC245D4-0C20-41AA-820B-D2EC86AF4108}.Debug|Any CPU.ActiveCfg = Debug|Any CPU
		{2CC245D4-0C20-41AA-820B-D2EC86AF4108}.Debug|Any CPU.Build.0 = Debug|Any CPU
		{2CC245D4-0C20-41AA-820B-D2EC86AF4108}.Release|Any CPU.ActiveCfg = Release|Any CPU
		{2CC245D4-0C20-41AA-820B-D2EC86AF4108}.Release|Any CPU.Build.0 = Release|Any CPU
		{8E873D16-A7A0-4BAA-A550-432C1D303A1E}.Debug|Any CPU.ActiveCfg = Debug|Any CPU
		{8E873D16-A7A0-4BAA-A550-432C1D303A1E}.Debug|Any CPU.Build.0 = Debug|Any CPU
		{8E873D16-A7A0-4BAA-A550-432C1D303A1E}.Release|Any CPU.ActiveCfg = Release|Any CPU
		{8E873D16-A7A0-4BAA-A550-432C1D303A1E}.Release|Any CPU.Build.0 = Release|Any CPU
	EndGlobalSection
	GlobalSection(SolutionProperties) = preSolution
		HideSolutionNode = FALSE
	EndGlobalSection
	GlobalSection(NestedProjects) = preSolution
		{26CCFDE0-E1E7-4551-8E88-510886BEE7F9} = {CAD3B53E-101F-4CA4-999A-437C2A19CFF6}
		{0F2F853E-1FDC-484F-82D7-E82C724D2F09} = {CAD3B53E-101F-4CA4-999A-437C2A19CFF6}
		{44005E80-72FC-4946-8837-B0EB5972D99D} = {CAD3B53E-101F-4CA4-999A-437C2A19CFF6}
		{4110D3B7-0F3A-47E6-B891-71A24A9F7288} = {CAD3B53E-101F-4CA4-999A-437C2A19CFF6}
		{A4947282-DA78-4AF7-8AE2-F6B99D072EB3} = {44005E80-72FC-4946-8837-B0EB5972D99D}
		{3F2B9BDC-337B-44B2-AC57-72983D63BDC8} = {A4947282-DA78-4AF7-8AE2-F6B99D072EB3}
		{9EFD3EAB-DA0B-4FDF-A6E1-62FEE836EA72} = {A4947282-DA78-4AF7-8AE2-F6B99D072EB3}
		{E53BAFE4-3464-4EE4-A200-9CF08E8358C4} = {A4947282-DA78-4AF7-8AE2-F6B99D072EB3}
		{292F39BA-B36D-4989-8F1A-A749537C9FA5} = {A4947282-DA78-4AF7-8AE2-F6B99D072EB3}
		{A1E1691B-C8C8-4F9B-917A-D894FE5FECD4} = {292F39BA-B36D-4989-8F1A-A749537C9FA5}
		{9F3F08B7-FCE7-4EAF-B6E5-B220FD8D9968} = {292F39BA-B36D-4989-8F1A-A749537C9FA5}
		{15D6EEA8-FF7A-45FD-9DF8-E9246B9808C2} = {E53BAFE4-3464-4EE4-A200-9CF08E8358C4}
		{65409028-041D-43BD-BD55-449E7CCFE98C} = {9F3F08B7-FCE7-4EAF-B6E5-B220FD8D9968}
		{C82E4A7B-7632-4596-BE86-88DF6E1D5797} = {A1E1691B-C8C8-4F9B-917A-D894FE5FECD4}
		{EB62FFFB-14A7-4024-9FDC-6A640AEAC3C9} = {E53BAFE4-3464-4EE4-A200-9CF08E8358C4}
		{FE62F91D-636B-4509-B222-0D05B5DF4988} = {9EFD3EAB-DA0B-4FDF-A6E1-62FEE836EA72}
		{43C21744-61E9-4A05-A8F8-FED09EAB30CE} = {3F2B9BDC-337B-44B2-AC57-72983D63BDC8}
		{2CC245D4-0C20-41AA-820B-D2EC86AF4108} = {3F2B9BDC-337B-44B2-AC57-72983D63BDC8}
		{9B7E40AB-5559-410F-8107-BE1222F5ADFF} = {AE643A8E-D9DA-4822-93DF-38D337EED588}
		{5AF3B052-EF1C-4605-9AB9-1C1CD4E05C28} = {9B7E40AB-5559-410F-8107-BE1222F5ADFF}
		{FBBEF82B-2169-4A07-85B3-A15AE557B61C} = {5AF3B052-EF1C-4605-9AB9-1C1CD4E05C28}
		{8E873D16-A7A0-4BAA-A550-432C1D303A1E} = {FBBEF82B-2169-4A07-85B3-A15AE557B61C}
	EndGlobalSection
	GlobalSection(ExtensibilityGlobals) = postSolution
		SolutionGuid = {5CF09C14-628A-4AF4-B8B4-FC82C15634EE}
	EndGlobalSection
EndGlobal
